
Microsoft Visual Studio Solution File, Format Version 12.00
# Visual Studio Version 17
VisualStudioVersion = 17.8.34408.163
MinimumVisualStudioVersion = 10.0.40219.1
Project("{FAE04EC0-301F-11D3-BF4B-00C04F79EFBC}") = "UserManagment", "UserManagment\UserManagment.csproj", "{9D008151-A7BE-496D-9B12-8BF887DA773D}"
EndProject
Project("{FAE04EC0-301F-11D3-BF4B-00C04F79EFBC}") = "UserManagment.Application", "UserManagment.Application\UserManagment.Application.csproj", "{A6D32669-AC55-4FAE-A838-CB6F32AB3DBE}"
EndProject
Project("{FAE04EC0-301F-11D3-BF4B-00C04F79EFBC}") = "UserManagment.Domain", "UserManagment.Domain\UserManagment.Domain.csproj", "{C7476E5A-1D9B-45E0-9913-12B0B238D1A8}"
EndProject
Project("{FAE04EC0-301F-11D3-BF4B-00C04F79EFBC}") = "UserManagment.Infrastructure", "UserManagment.Infrastructure\UserManagment.Infrastructure.csproj", "{7EF95398-21C4-43EE-94EF-22EFEA28886B}"
EndProject
Project("{FAE04EC0-301F-11D3-BF4B-00C04F79EFBC}") = "UserManagment.Service", "UserManagment.Service\UserManagment.Service.csproj", "{99DEBAA7-A743-44C7-B4DB-EE81E5667191}"
EndProject
Global
	GlobalSection(SolutionConfigurationPlatforms) = preSolution
		Debug|Any CPU = Debug|Any CPU
		Release|Any CPU = Release|Any CPU
	EndGlobalSection
	GlobalSection(ProjectConfigurationPlatforms) = postSolution
		{9D008151-A7BE-496D-9B12-8BF887DA773D}.Debug|Any CPU.ActiveCfg = Debug|Any CPU
		{9D008151-A7BE-496D-9B12-8BF887DA773D}.Debug|Any CPU.Build.0 = Debug|Any CPU
		{9D008151-A7BE-496D-9B12-8BF887DA773D}.Release|Any CPU.ActiveCfg = Release|Any CPU
		{9D008151-A7BE-496D-9B12-8BF887DA773D}.Release|Any CPU.Build.0 = Release|Any CPU
		{A6D32669-AC55-4FAE-A838-CB6F32AB3DBE}.Debug|Any CPU.ActiveCfg = Debug|Any CPU
		{A6D32669-AC55-4FAE-A838-CB6F32AB3DBE}.Debug|Any CPU.Build.0 = Debug|Any CPU
		{A6D32669-AC55-4FAE-A838-CB6F32AB3DBE}.Release|Any CPU.ActiveCfg = Release|Any CPU
		{A6D32669-AC55-4FAE-A838-CB6F32AB3DBE}.Release|Any CPU.Build.0 = Release|Any CPU
		{C7476E5A-1D9B-45E0-9913-12B0B238D1A8}.Debug|Any CPU.ActiveCfg = Debug|Any CPU
		{C7476E5A-1D9B-45E0-9913-12B0B238D1A8}.Debug|Any CPU.Build.0 = Debug|Any CPU
		{C7476E5A-1D9B-45E0-9913-12B0B238D1A8}.Release|Any CPU.ActiveCfg = Release|Any CPU
		{C7476E5A-1D9B-45E0-9913-12B0B238D1A8}.Release|Any CPU.Build.0 = Release|Any CPU
		{7EF95398-21C4-43EE-94EF-22EFEA28886B}.Debug|Any CPU.ActiveCfg = Debug|Any CPU
		{7EF95398-21C4-43EE-94EF-22EFEA28886B}.Debug|Any CPU.Build.0 = Debug|Any CPU
		{7EF95398-21C4-43EE-94EF-22EFEA28886B}.Release|Any CPU.ActiveCfg = Release|Any CPU
		{7EF95398-21C4-43EE-94EF-22EFEA28886B}.Release|Any CPU.Build.0 = Release|Any CPU
		{99DEBAA7-A743-44C7-B4DB-EE81E5667191}.Debug|Any CPU.ActiveCfg = Debug|Any CPU
		{99DEBAA7-A743-44C7-B4DB-EE81E5667191}.Debug|Any CPU.Build.0 = Debug|Any CPU
		{99DEBAA7-A743-44C7-B4DB-EE81E5667191}.Release|Any CPU.ActiveCfg = Release|Any CPU
		{99DEBAA7-A743-44C7-B4DB-EE81E5667191}.Release|Any CPU.Build.0 = Release|Any CPU
	EndGlobalSection
	GlobalSection(SolutionProperties) = preSolution
		HideSolutionNode = FALSE
	EndGlobalSection
	GlobalSection(ExtensibilityGlobals) = postSolution
		SolutionGuid = {1846C2CD-2BB2-4B90-97AD-7E62E5C554D5}
	EndGlobalSection
EndGlobal
